<?xml version="1.0" encoding="UTF-8" standalone="yes" ?>
<CodeBlocks_project_file>
	<FileVersion major="1" minor="6" />
	<Project>
		<Option title="LibIRC" />
		<Option pch_mode="2" />
		<Option compiler="gcc" />
		<Build>
			<Target title="Win32 Debug Static">
				<Option output="../lib/mingw32-d/irclib" prefix_auto="1" extension_auto="1" />
				<Option working_dir="" />
				<Option object_output="../obj/mingw32-d/" />
				<Option type="2" />
				<Option compiler="gcc" />
				<Option createDefFile="1" />
				<Compiler>
					<Add option="-m32" />
					<Add option="-g" />
					<Add option="-D_DEBUG" />
					<Add directory="../config/mingw32" />
				</Compiler>
				<Linker>
					<Add option="-m32" />
				</Linker>
			</Target>
			<Target title="Win32 Release Static">
				<Option output="../lib/mingw32/irclib" prefix_auto="1" extension_auto="1" />
				<Option working_dir="" />
				<Option object_output="../obj/mingw32/" />
				<Option type="2" />
				<Option compiler="gcc" />
				<Option createDefFile="1" />
				<Compiler>
					<Add option="-fexpensive-optimizations" />
					<Add option="-O3" />
					<Add option="-m32" />
					<Add option="-DNDEBUG" />
					<Add directory="../config/mingw32" />
				</Compiler>
				<Linker>
					<Add option="-s" />
					<Add option="-m32" />
				</Linker>
			</Target>
			<Target title="Win64 Debug Static">
				<Option output="../lib/mingw64-d/irclib" prefix_auto="1" extension_auto="1" />
				<Option working_dir="" />
				<Option object_output="../obj/mingw64-d/" />
				<Option type="2" />
				<Option compiler="gcc" />
				<Option createDefFile="1" />
				<Compiler>
					<Add option="-m64" />
					<Add option="-g" />
					<Add option="-D_DEBUG" />
					<Add directory="../config/mingw64" />
				</Compiler>
				<Linker>
					<Add option="-m64" />
				</Linker>
			</Target>
			<Target title="Win64 Release Static">
				<Option output="../lib/mingw64/irclib" prefix_auto="1" extension_auto="1" />
				<Option working_dir="" />
				<Option object_output="../obj/mingw64/" />
				<Option type="2" />
				<Option compiler="gcc" />
				<Option createDefFile="1" />
				<Compiler>
					<Add option="-fexpensive-optimizations" />
					<Add option="-O3" />
					<Add option="-m64" />
					<Add option="-DNDEBUG" />
					<Add directory="../config/mingw64" />
				</Compiler>
				<Linker>
					<Add option="-s" />
					<Add option="-m64" />
				</Linker>
			</Target>
			<Target title="Linux32 Debug Static">
				<Option output="../lib/gcc32-d/irclib" prefix_auto="1" extension_auto="1" />
				<Option working_dir="" />
				<Option object_output="../obj/gcc32-d/" />
				<Option type="2" />
				<Option compiler="gcc" />
				<Option createDefFile="1" />
				<Compiler>
					<Add option="-m32" />
					<Add option="-g" />
					<Add option="-fPIC" />
					<Add option="-D_DEBUG" />
					<Add directory="../config/gcc32" />
				</Compiler>
				<Linker>
					<Add option="-m32" />
				</Linker>
			</Target>
			<Target title="Linux32 Release Static">
				<Option output="../lib/gcc32/irclib" prefix_auto="1" extension_auto="1" />
				<Option working_dir="" />
				<Option object_output="../obj/gcc32/" />
				<Option type="2" />
				<Option compiler="gcc" />
				<Option createDefFile="1" />
				<Compiler>
					<Add option="-fexpensive-optimizations" />
					<Add option="-O3" />
					<Add option="-m32" />
					<Add option="-fPIC" />
					<Add option="-DNDEBUG" />
					<Add directory="../config/gcc32" />
				</Compiler>
				<Linker>
					<Add option="-s" />
					<Add option="-m32" />
				</Linker>
			</Target>
			<Target title="Linux64 Debug Static">
				<Option output="../lib/gcc64-d/irclib" prefix_auto="1" extension_auto="1" />
				<Option working_dir="" />
				<Option object_output="../obj/gcc64-d/" />
				<Option type="2" />
				<Option compiler="gcc" />
				<Option createDefFile="1" />
				<Compiler>
					<Add option="-m64" />
					<Add option="-g" />
					<Add option="-fPIC" />
					<Add option="-D_DEBUG" />
					<Add directory="../config/gcc64" />
				</Compiler>
				<Linker>
					<Add option="-m64" />
				</Linker>
			</Target>
			<Target title="Linux64 Release Static">
				<Option output="../lib/gcc64/irclib" prefix_auto="1" extension_auto="1" />
				<Option working_dir="" />
				<Option object_output="../obj/gcc64/" />
				<Option type="2" />
				<Option compiler="gcc" />
				<Option createDefFile="1" />
				<Compiler>
					<Add option="-fexpensive-optimizations" />
					<Add option="-O3" />
					<Add option="-m64" />
					<Add option="-fPIC" />
					<Add option="-DNDEBUG" />
					<Add directory="../config/gcc64" />
				</Compiler>
				<Linker>
					<Add option="-s" />
					<Add option="-m64" />
				</Linker>
			</Target>
		</Build>
		<Compiler>
			<Add option="-Wall" />
			<Add option="-DSQLITE_ENABLE_FTS3" />
			<Add option="-DSQLITE_ENABLE_FTS4" />
			<Add option="-DSQLITE_ENABLE_FTS5" />
			<Add option="-DSQLITE_THREADSAFE=0" />
			<Add directory="../include" />
			<Add directory="../config/common" />
			<Add directory="../external/LibIRC" />
		</Compiler>
		<Unit filename="../external/LibIRC/libircclient.c">
			<Option compilerVar="CC" />
		</Unit>
		<Extensions>
			<code_completion />
			<envvars />
			<debugger />
		</Extensions>
	</Project>
</CodeBlocks_project_file>
