<?xml version="1.0" encoding="UTF-8" standalone="yes" ?>
<CodeBlocks_project_file>
	<FileVersion major="1" minor="6" />
	<Project>
		<Option title="LibTCC" />
		<Option pch_mode="2" />
		<Option compiler="gcc" />
		<Build>
			<Target title="Win32 Debug Static">
				<Option output="../bin/win32-d/tcc1" prefix_auto="1" extension_auto="1" />
				<Option working_dir="" />
				<Option object_output="../obj/win32-d/" />
				<Option type="2" />
				<Option compiler="gcc" />
				<Option createDefFile="1" />
				<Compiler>
					<Add option="-m32" />
					<Add option="-g" />
					<Add option="-DDEBUG" />
					<Add option="-D_WIN32" />
					<Add option="-DTCC_TARGET_I386" />
				</Compiler>
				<Linker>
					<Add option="-m32" />
				</Linker>
			</Target>
			<Target title="Win32 Release Static">
				<Option output="../bin/win32/tcc1" prefix_auto="1" extension_auto="1" />
				<Option working_dir="" />
				<Option object_output="../obj/win32/" />
				<Option type="2" />
				<Option compiler="gcc" />
				<Option createDefFile="1" />
				<Compiler>
					<Add option="-O3" />
					<Add option="-m32" />
					<Add option="-DNDEBUG" />
					<Add option="-D_WIN32" />
					<Add option="-DTCC_TARGET_I386" />
				</Compiler>
				<Linker>
					<Add option="-s" />
					<Add option="-m32" />
				</Linker>
			</Target>
			<Target title="Win64 Debug Static">
				<Option output="../bin/win64-d/tcc1" prefix_auto="1" extension_auto="1" />
				<Option working_dir="" />
				<Option object_output="../obj/win32-d/" />
				<Option type="2" />
				<Option compiler="gcc" />
				<Option createDefFile="1" />
				<Compiler>
					<Add option="-m64" />
					<Add option="-g" />
					<Add option="-DDEBUG" />
					<Add option="-D_WIN32" />
					<Add option="-DTCC_TARGET_X86_64" />
				</Compiler>
				<Linker>
					<Add option="-m64" />
				</Linker>
			</Target>
			<Target title="Win64 Release Static">
				<Option output="../bin/win64/tcc1" prefix_auto="1" extension_auto="1" />
				<Option working_dir="" />
				<Option object_output="../obj/win32/" />
				<Option type="2" />
				<Option compiler="gcc" />
				<Option createDefFile="1" />
				<Compiler>
					<Add option="-O3" />
					<Add option="-m64" />
					<Add option="-DNDEBUG" />
					<Add option="-D_WIN32" />
					<Add option="-DTCC_TARGET_X86_64" />
				</Compiler>
				<Linker>
					<Add option="-s" />
					<Add option="-m64" />
				</Linker>
			</Target>
			<Target title="Linux32 Debug Static">
				<Option output="../bin/linux32-d/tcc1" prefix_auto="1" extension_auto="1" />
				<Option working_dir="" />
				<Option object_output="../obj/win32-d/" />
				<Option type="2" />
				<Option compiler="gcc" />
				<Option createDefFile="1" />
				<Compiler>
					<Add option="-m32" />
					<Add option="-g" />
					<Add option="-fPIC" />
					<Add option="-DDEBUG" />
					<Add option="-DTCC_TARGET_I386" />
				</Compiler>
				<Linker>
					<Add option="-m32" />
				</Linker>
			</Target>
			<Target title="Linux32 Release Static">
				<Option output="../bin/linux32/tcc1" prefix_auto="1" extension_auto="1" />
				<Option working_dir="" />
				<Option object_output="../obj/win32/" />
				<Option type="2" />
				<Option compiler="gcc" />
				<Option createDefFile="1" />
				<Compiler>
					<Add option="-O3" />
					<Add option="-m32" />
					<Add option="-fPIC" />
					<Add option="-DNDEBUG" />
					<Add option="-DTCC_TARGET_I386" />
				</Compiler>
				<Linker>
					<Add option="-s" />
					<Add option="-m32" />
				</Linker>
			</Target>
			<Target title="Linux64 Debug Static">
				<Option output="../bin/linux64-d/tcc1" prefix_auto="1" extension_auto="1" />
				<Option working_dir="" />
				<Option object_output="../obj/win32-d/" />
				<Option type="2" />
				<Option compiler="gcc" />
				<Option createDefFile="1" />
				<Compiler>
					<Add option="-m64" />
					<Add option="-g" />
					<Add option="-fPIC" />
					<Add option="-DDEBUG" />
					<Add option="-DTCC_TARGET_X86_64" />
				</Compiler>
				<Linker>
					<Add option="-m64" />
				</Linker>
			</Target>
			<Target title="Linux64 Release Static">
				<Option output="../bin/linux64/tcc1" prefix_auto="1" extension_auto="1" />
				<Option working_dir="" />
				<Option object_output="../obj/win32/" />
				<Option type="2" />
				<Option compiler="gcc" />
				<Option createDefFile="1" />
				<Compiler>
					<Add option="-O3" />
					<Add option="-m64" />
					<Add option="-fPIC" />
					<Add option="-DNDEBUG" />
					<Add option="-DTCC_TARGET_X86_64" />
				</Compiler>
				<Linker>
					<Add option="-s" />
					<Add option="-m64" />
				</Linker>
			</Target>
		</Build>
		<Compiler>
			<Add option="-Wextra" />
			<Add option="-Wall" />
			<Add option="-Wno-unused-parameter" />
			<Add option="-DONE_SOURCE" />
			<Add option="-DCONFIG_TCC_STATIC" />
			<Add directory="../include" />
			<Add directory="../external/TCC" />
		</Compiler>
		<Unit filename="../external/TCC/lib/libtcc1.c">
			<Option compilerVar="CC" />
		</Unit>
		<Extensions>
			<code_completion />
			<envvars />
			<debugger />
			<lib_finder disable_auto="1" />
		</Extensions>
	</Project>
</CodeBlocks_project_file>
